
Microsoft Visual Studio Solution File, Format Version 12.00
# Visual Studio Version 17
VisualStudioVersion = 17.7.34018.315
MinimumVisualStudioVersion = 10.0.40219.1
Project("{00D1A9C2-B5F0-4AF3-8072-F6C62B433612}") = "PetDB", "PetDB\PetDB.sqlproj", "{F173F974-543F-4541-B7E3-DD3D1406A144}"
EndProject
Project("{FAE04EC0-301F-11D3-BF4B-00C04F79EFBC}") = "PetApp", "PetApp\PetApp.csproj", "{21523217-2B4A-4A89-AEDE-065D9EE384B5}"
EndProject
Global
	GlobalSection(SolutionConfigurationPlatforms) = preSolution
		Debug|Any CPU = Debug|Any CPU
		Release|Any CPU = Release|Any CPU
	EndGlobalSection
	GlobalSection(ProjectConfigurationPlatforms) = postSolution
		{F173F974-543F-4541-B7E3-DD3D1406A144}.Debug|Any CPU.ActiveCfg = Debug|Any CPU
		{F173F974-543F-4541-B7E3-DD3D1406A144}.Debug|Any CPU.Build.0 = Debug|Any CPU
		{F173F974-543F-4541-B7E3-DD3D1406A144}.Debug|Any CPU.Deploy.0 = Debug|Any CPU
		{F173F974-543F-4541-B7E3-DD3D1406A144}.Release|Any CPU.ActiveCfg = Release|Any CPU
		{F173F974-543F-4541-B7E3-DD3D1406A144}.Release|Any CPU.Build.0 = Release|Any CPU
		{F173F974-543F-4541-B7E3-DD3D1406A144}.Release|Any CPU.Deploy.0 = Release|Any CPU
		{21523217-2B4A-4A89-AEDE-065D9EE384B5}.Debug|Any CPU.ActiveCfg = Debug|Any CPU
		{21523217-2B4A-4A89-AEDE-065D9EE384B5}.Debug|Any CPU.Build.0 = Debug|Any CPU
		{21523217-2B4A-4A89-AEDE-065D9EE384B5}.Release|Any CPU.ActiveCfg = Release|Any CPU
		{21523217-2B4A-4A89-AEDE-065D9EE384B5}.Release|Any CPU.Build.0 = Release|Any CPU
	EndGlobalSection
	GlobalSection(SolutionProperties) = preSolution
		HideSolutionNode = FALSE
	EndGlobalSection
	GlobalSection(ExtensibilityGlobals) = postSolution
		SolutionGuid = {426C46CA-4EB7-48D6-A2DA-AAEB47F87241}
	EndGlobalSection
EndGlobal
